<?xml version="1.0" encoding="UTF-8" standalone="yes" ?>
<CodeBlocks_project_file>
	<FileVersion major="1" minor="6" />
	<Project>
		<Option title="libny" />
		<Option pch_mode="2" />
		<Option compiler="gcc" />
		<Build>
			<Target title="Debug">
				<Option output="bin/Debug/liblibny" prefix_auto="1" extension_auto="1" />
				<Option object_output="obj/Debug/" />
				<Option type="3" />
				<Option compiler="gcc" />
				<Option createDefFile="1" />
				<Option createStaticLib="1" />
				<Compiler>
					<Add option="-g" />
				</Compiler>
			</Target>
			<Target title="Release">
				<Option output="bin/Release/liblibny" prefix_auto="1" extension_auto="1" />
				<Option object_output="obj/Release/" />
				<Option type="3" />
				<Option compiler="gcc" />
				<Option createDefFile="1" />
				<Option createStaticLib="1" />
				<Compiler>
					<Add option="-O2" />
				</Compiler>
				<Linker>
					<Add option="-s" />
				</Linker>
			</Target>
		</Build>
		<Compiler>
			<Add option="-Wall" />
			<Add option="-fexceptions" />
		</Compiler>
		<Unit filename="../include/ny/app.hpp" />
		<Unit filename="../include/ny/appContext.hpp" />
		<Unit filename="../include/ny/backend.hpp" />
		<Unit filename="../include/ny/cairo.hpp" />
		<Unit filename="../include/ny/color.hpp" />
		<Unit filename="../include/ny/cursor.hpp" />
		<Unit filename="../include/ny/data.hpp" />
		<Unit filename="../include/ny/dialog.hpp" />
		<Unit filename="../include/ny/drawContext.hpp" />
		<Unit filename="../include/ny/error.hpp" />
		<Unit filename="../include/ny/event.hpp" />
		<Unit filename="../include/ny/eventHandler.hpp" />
		<Unit filename="../include/ny/file.hpp" />
		<Unit filename="../include/ny/font.hpp" />
		<Unit filename="../include/ny/frame.hpp" />
		<Unit filename="../include/ny/freeType.hpp" />
		<Unit filename="../include/ny/gl.hpp" />
		<Unit filename="../include/ny/gl/glContext.hpp" />
		<Unit filename="../include/ny/gl/glDrawContext.hpp" />
		<Unit filename="../include/ny/gl/shader.hpp" />
		<Unit filename="../include/ny/global.hpp" />
		<Unit filename="../include/ny/image.hpp" />
		<Unit filename="../include/ny/include.hpp" />
		<Unit filename="../include/ny/keyboard.hpp" />
		<Unit filename="../include/ny/mouse.hpp" />
		<Unit filename="../include/ny/ny.hpp" />
		<Unit filename="../include/ny/shape.hpp" />
		<Unit filename="../include/ny/style.hpp" />
		<Unit filename="../include/ny/surface.hpp" />
		<Unit filename="../include/ny/texture.hpp" />
		<Unit filename="../include/ny/util/animation.hpp" />
		<Unit filename="../include/ny/util/callback.hpp" />
		<Unit filename="../include/ny/util/mat.hpp" />
		<Unit filename="../include/ny/util/misc.hpp" />
		<Unit filename="../include/ny/util/nonCopyable.hpp" />
		<Unit filename="../include/ny/util/rect.hpp" />
		<Unit filename="../include/ny/util/refVec.hpp" />
		<Unit filename="../include/ny/util/region.hpp" />
		<Unit filename="../include/ny/util/thread.hpp" />
		<Unit filename="../include/ny/util/time.hpp" />
		<Unit filename="../include/ny/util/transformable.hpp" />
		<Unit filename="../include/ny/util/utils.hpp" />
		<Unit filename="../include/ny/util/vec.hpp" />
		<Unit filename="../include/ny/wayland/waylandAppContext.hpp" />
		<Unit filename="../include/ny/wayland/waylandBackend.hpp" />
		<Unit filename="../include/ny/wayland/waylandCairo.hpp" />
		<Unit filename="../include/ny/wayland/waylandEgl.hpp" />
		<Unit filename="../include/ny/wayland/waylandInclude.hpp" />
		<Unit filename="../include/ny/wayland/waylandUtil.hpp" />
		<Unit filename="../include/ny/wayland/waylandWindowContext.hpp" />
		<Unit filename="../include/ny/widget.hpp" />
		<Unit filename="../include/ny/widgets.hpp" />
		<Unit filename="../include/ny/winapi/gdiDrawContext.hpp" />
		<Unit filename="../include/ny/winapi/winapiAppContext.hpp" />
		<Unit filename="../include/ny/winapi/winapiBackend.hpp" />
		<Unit filename="../include/ny/winapi/winapiUtil.hpp" />
		<Unit filename="../include/ny/winapi/windowContext.hpp" />
		<Unit filename="../include/ny/window.hpp" />
		<Unit filename="../include/ny/windowContext.hpp" />
		<Unit filename="../include/ny/windowDefs.hpp" />
		<Unit filename="../include/ny/windowEvents.hpp" />
		<Unit filename="../include/ny/x11/glx.hpp" />
		<Unit filename="../include/ny/x11/x11AppContext.hpp" />
		<Unit filename="../include/ny/x11/x11Backend.hpp" />
		<Unit filename="../include/ny/x11/x11Cairo.hpp" />
		<Unit filename="../include/ny/x11/x11Egl.hpp" />
		<Unit filename="../include/ny/x11/x11Include.hpp" />
		<Unit filename="../include/ny/x11/x11Util.hpp" />
		<Unit filename="../include/ny/x11/x11WindowContext.hpp" />
		<Unit filename="../src/ny/app.cpp" />
		<Unit filename="../src/ny/appContext.cpp" />
		<Unit filename="../src/ny/backend.cpp" />
		<Unit filename="../src/ny/cairo.cpp" />
		<Unit filename="../src/ny/color.cpp" />
		<Unit filename="../src/ny/cursor.cpp" />
		<Unit filename="../src/ny/data.cpp" />
		<Unit filename="../src/ny/dialog.cpp" />
		<Unit filename="../src/ny/drawContext.cpp" />
		<Unit filename="../src/ny/error.cpp" />
		<Unit filename="../src/ny/event.cpp" />
		<Unit filename="../src/ny/eventHandler.cpp" />
		<Unit filename="../src/ny/file.cpp" />
		<Unit filename="../src/ny/font.cpp" />
		<Unit filename="../src/ny/frame.cpp" />
		<Unit filename="../src/ny/freeType.cpp" />
		<Unit filename="../src/ny/gl/glContext.cpp" />
		<Unit filename="../src/ny/gl/glDrawContext.cpp" />
		<Unit filename="../src/ny/gl/shader.cpp" />
		<Unit filename="../src/ny/headerbar.cpp" />
		<Unit filename="../src/ny/image.cpp" />
		<Unit filename="../src/ny/keyboard.cpp" />
		<Unit filename="../src/ny/mouse.cpp" />
		<Unit filename="../src/ny/shape.cpp" />
		<Unit filename="../src/ny/style.cpp" />
		<Unit filename="../src/ny/surface.cpp" />
		<Unit filename="../src/ny/texture.cpp" />
		<Unit filename="../src/ny/touch.cpp" />
		<Unit filename="../src/ny/wayland/waylandAppContext.cpp" />
		<Unit filename="../src/ny/wayland/waylandBackend.cpp" />
		<Unit filename="../src/ny/wayland/waylandCairo.cpp" />
		<Unit filename="../src/ny/wayland/waylandEgl.cpp" />
		<Unit filename="../src/ny/wayland/waylandUtil.cpp" />
		<Unit filename="../src/ny/wayland/waylandWindowContext.cpp" />
		<Unit filename="../src/ny/widget.cpp" />
		<Unit filename="../src/ny/widgets.cpp" />
		<Unit filename="../src/ny/winapi/gdiDrawContext.cpp" />
		<Unit filename="../src/ny/winapi/winapiAppContext.cpp" />
		<Unit filename="../src/ny/winapi/winapiBackend.cpp" />
		<Unit filename="../src/ny/winapi/winapiUtil.cpp" />
		<Unit filename="../src/ny/winapi/winapiWindowContext.cpp" />
		<Unit filename="../src/ny/window.cpp" />
		<Unit filename="../src/ny/windowContext.cpp" />
		<Unit filename="../src/ny/x11/glx.cpp" />
		<Unit filename="../src/ny/x11/x11AppContext.cpp" />
		<Unit filename="../src/ny/x11/x11Backend.cpp" />
		<Unit filename="../src/ny/x11/x11Cairo.cpp" />
		<Unit filename="../src/ny/x11/x11Egl.cpp" />
		<Unit filename="../src/ny/x11/x11Util.cpp" />
		<Unit filename="../src/ny/x11/x11WindowContext.cpp" />
		<Extensions>
			<code_completion />
			<envvars />
			<debugger />
			<lib_finder disable_auto="1" />
		</Extensions>
	</Project>
</CodeBlocks_project_file>
